{
  "name": "Tangerine",
  "lockfileVersion": 2,
  "requires": true,
  "packages": {
    "": {
      "dependencies": {
        "react-spinning-canvas-wheel": "^0.1.4"
      }
    },
    "node_modules/react-spinning-canvas-wheel": {
      "version": "0.1.4",
      "resolved": "https://registry.npmjs.org/react-spinning-canvas-wheel/-/react-spinning-canvas-wheel-0.1.4.tgz",
      "integrity": "sha512-xrdud7SJEnLFQ8doPNlMjIRgV+5gNgk4Wx9fg5RrdBVPTee9cRnn8Ccb3taB8Uuo58LjFqYvC7WbHFz+MxvoVg==",
      "peerDependencies": {
        "react": ">=17"
      }
    }
  },
  "dependencies": {
    "react-spinning-canvas-wheel": {
      "version": "0.1.4",
      "resolved": "https://registry.npmjs.org/react-spinning-canvas-wheel/-/react-spinning-canvas-wheel-0.1.4.tgz",
      "integrity": "sha512-xrdud7SJEnLFQ8doPNlMjIRgV+5gNgk4Wx9fg5RrdBVPTee9cRnn8Ccb3taB8Uuo58LjFqYvC7WbHFz+MxvoVg=="
    }
  }
}
